
Microsoft Visual Studio Solution File, Format Version 12.00
# Visual Studio Version 17
VisualStudioVersion = 17.0.31903.59
MinimumVisualStudioVersion = 10.0.40219.1
Project("{FAE04EC0-301F-11D3-BF4B-00C04F79EFBC}") = "Lab4", "Lab4\Lab4.csproj", "{F835A179-165B-48B7-8E9F-E299352D76F8}"
EndProject
Project("{FAE04EC0-301F-11D3-BF4B-00C04F79EFBC}") = "Lab4.Library", "Lab4.Library\Lab4.Library.csproj", "{99049A7C-0032-475F-BD71-FFF75CB29695}"
EndProject
Global
	GlobalSection(SolutionConfigurationPlatforms) = preSolution
		Debug|Any CPU = Debug|Any CPU
		Release|Any CPU = Release|Any CPU
	EndGlobalSection
	GlobalSection(SolutionProperties) = preSolution
		HideSolutionNode = FALSE
	EndGlobalSection
	GlobalSection(ProjectConfigurationPlatforms) = postSolution
		{F835A179-165B-48B7-8E9F-E299352D76F8}.Debug|Any CPU.ActiveCfg = Debug|Any CPU
		{F835A179-165B-48B7-8E9F-E299352D76F8}.Debug|Any CPU.Build.0 = Debug|Any CPU
		{F835A179-165B-48B7-8E9F-E299352D76F8}.Release|Any CPU.ActiveCfg = Release|Any CPU
		{F835A179-165B-48B7-8E9F-E299352D76F8}.Release|Any CPU.Build.0 = Release|Any CPU
		{99049A7C-0032-475F-BD71-FFF75CB29695}.Debug|Any CPU.ActiveCfg = Debug|Any CPU
		{99049A7C-0032-475F-BD71-FFF75CB29695}.Debug|Any CPU.Build.0 = Debug|Any CPU
		{99049A7C-0032-475F-BD71-FFF75CB29695}.Release|Any CPU.ActiveCfg = Release|Any CPU
		{99049A7C-0032-475F-BD71-FFF75CB29695}.Release|Any CPU.Build.0 = Release|Any CPU
	EndGlobalSection
EndGlobal
